// !$*UTF8*$!
{
	archiveVersion = 1;
	classes = {
	};
	objectVersion = 50;
	objects = {

/* Begin PBXBuildFile section */
		D817405325024EB000720075 /* AvatarView.swift in Sources */ = {isa = PBXBuildFile; fileRef = D817405225024EB000720075 /* AvatarView.swift */; };
		D817405525024EDF00720075 /* BackView.swift in Sources */ = {isa = PBXBuildFile; fileRef = D817405425024EDF00720075 /* BackView.swift */; };
		D817405725024F0A00720075 /* CustomButton.swift in Sources */ = {isa = PBXBuildFile; fileRef = D817405625024F0A00720075 /* CustomButton.swift */; };
		D817405925024F4600720075 /* Gradient.swift in Sources */ = {isa = PBXBuildFile; fileRef = D817405825024F4600720075 /* Gradient.swift */; };
		D817405B25024F7700720075 /* Alert.swift in Sources */ = {isa = PBXBuildFile; fileRef = D817405A25024F7700720075 /* Alert.swift */; };
		D89D477024F12E5100E37FEA /* AppDelegate.swift in Sources */ = {isa = PBXBuildFile; fileRef = D89D476F24F12E5100E37FEA /* AppDelegate.swift */; };
		D89D477224F12E5100E37FEA /* SceneDelegate.swift in Sources */ = {isa = PBXBuildFile; fileRef = D89D477124F12E5100E37FEA /* SceneDelegate.swift */; };
		D89D477424F12E5100E37FEA /* LoginFormViewController.swift in Sources */ = {isa = PBXBuildFile; fileRef = D89D477324F12E5100E37FEA /* LoginFormViewController.swift */; };
		D89D477724F12E5100E37FEA /* Main.storyboard in Resources */ = {isa = PBXBuildFile; fileRef = D89D477524F12E5100E37FEA /* Main.storyboard */; };
		D89D477924F12E5300E37FEA /* Assets.xcassets in Resources */ = {isa = PBXBuildFile; fileRef = D89D477824F12E5300E37FEA /* Assets.xcassets */; };
		D89D477C24F12E5300E37FEA /* LaunchScreen.storyboard in Resources */ = {isa = PBXBuildFile; fileRef = D89D477A24F12E5300E37FEA /* LaunchScreen.storyboard */; };
		D8DE6D1424F8358F0094F233 /* User.swift in Sources */ = {isa = PBXBuildFile; fileRef = D8DE6D1324F8358F0094F233 /* User.swift */; };
		D8DE6D1624F835990094F233 /* Groups.swift in Sources */ = {isa = PBXBuildFile; fileRef = D8DE6D1524F835990094F233 /* Groups.swift */; };
		D8DE6D1824F8360A0094F233 /* AllGroupsTableViewController.swift in Sources */ = {isa = PBXBuildFile; fileRef = D8DE6D1724F8360A0094F233 /* AllGroupsTableViewController.swift */; };
		D8DE6D1A24F836460094F233 /* AllGroupsTableViewCell.swift in Sources */ = {isa = PBXBuildFile; fileRef = D8DE6D1924F836460094F233 /* AllGroupsTableViewCell.swift */; };
		D8DE6D1C24F836C70094F233 /* MyGroupsTableViewController.swift in Sources */ = {isa = PBXBuildFile; fileRef = D8DE6D1B24F836C70094F233 /* MyGroupsTableViewController.swift */; };
		D8DE6D1E24F837020094F233 /* MyGroupsTableViewCell.swift in Sources */ = {isa = PBXBuildFile; fileRef = D8DE6D1D24F837020094F233 /* MyGroupsTableViewCell.swift */; };
		D8DE6D2224F8379C0094F233 /* FriendPhotosCollectionViewCell.swift in Sources */ = {isa = PBXBuildFile; fileRef = D8DE6D2124F8379C0094F233 /* FriendPhotosCollectionViewCell.swift */; };
		D8DE6D2424F837DF0094F233 /* FriendPhotosCollectionViewController.swift in Sources */ = {isa = PBXBuildFile; fileRef = D8DE6D2324F837DF0094F233 /* FriendPhotosCollectionViewController.swift */; };
		D8DE6D2624F838270094F233 /* MyFriendsTableViewController.swift in Sources */ = {isa = PBXBuildFile; fileRef = D8DE6D2524F838270094F233 /* MyFriendsTableViewController.swift */; };
		D8DE6D2824F8385A0094F233 /* MyFriendsTableViewCell.swift in Sources */ = {isa = PBXBuildFile; fileRef = D8DE6D2724F8385A0094F233 /* MyFriendsTableViewCell.swift */; };
/* End PBXBuildFile section */

/* Begin PBXFileReference section */
		D817405225024EB000720075 /* AvatarView.swift */ = {isa = PBXFileReference; lastKnownFileType = sourcecode.swift; path = AvatarView.swift; sourceTree = "<group>"; };
		D817405425024EDF00720075 /* BackView.swift */ = {isa = PBXFileReference; lastKnownFileType = sourcecode.swift; path = BackView.swift; sourceTree = "<group>"; };
		D817405625024F0A00720075 /* CustomButton.swift */ = {isa = PBXFileReference; lastKnownFileType = sourcecode.swift; path = CustomButton.swift; sourceTree = "<group>"; };
		D817405825024F4600720075 /* Gradient.swift */ = {isa = PBXFileReference; lastKnownFileType = sourcecode.swift; path = Gradient.swift; sourceTree = "<group>"; };
		D817405A25024F7700720075 /* Alert.swift */ = {isa = PBXFileReference; lastKnownFileType = sourcecode.swift; path = Alert.swift; sourceTree = "<group>"; };
		D89D476C24F12E5100E37FEA /* Weather.app */ = {isa = PBXFileReference; explicitFileType = wrapper.application; includeInIndex = 0; path = Weather.app; sourceTree = BUILT_PRODUCTS_DIR; };
		D89D476F24F12E5100E37FEA /* AppDelegate.swift */ = {isa = PBXFileReference; lastKnownFileType = sourcecode.swift; path = AppDelegate.swift; sourceTree = "<group>"; };
		D89D477124F12E5100E37FEA /* SceneDelegate.swift */ = {isa = PBXFileReference; lastKnownFileType = sourcecode.swift; path = SceneDelegate.swift; sourceTree = "<group>"; };
		D89D477324F12E5100E37FEA /* LoginFormViewController.swift */ = {isa = PBXFileReference; lastKnownFileType = sourcecode.swift; path = LoginFormViewController.swift; sourceTree = "<group>"; };
		D89D477624F12E5100E37FEA /* Base */ = {isa = PBXFileReference; lastKnownFileType = file.storyboard; name = Base; path = Base.lproj/Main.storyboard; sourceTree = "<group>"; };
		D89D477824F12E5300E37FEA /* Assets.xcassets */ = {isa = PBXFileReference; lastKnownFileType = folder.assetcatalog; path = Assets.xcassets; sourceTree = "<group>"; };
		D89D477B24F12E5300E37FEA /* Base */ = {isa = PBXFileReference; lastKnownFileType = file.storyboard; name = Base; path = Base.lproj/LaunchScreen.storyboard; sourceTree = "<group>"; };
		D89D477D24F12E5300E37FEA /* Info.plist */ = {isa = PBXFileReference; lastKnownFileType = text.plist.xml; path = Info.plist; sourceTree = "<group>"; };
		D8DE6D1324F8358F0094F233 /* User.swift */ = {isa = PBXFileReference; lastKnownFileType = sourcecode.swift; path = User.swift; sourceTree = "<group>"; };
		D8DE6D1524F835990094F233 /* Groups.swift */ = {isa = PBXFileReference; lastKnownFileType = sourcecode.swift; path = Groups.swift; sourceTree = "<group>"; };
		D8DE6D1724F8360A0094F233 /* AllGroupsTableViewController.swift */ = {isa = PBXFileReference; lastKnownFileType = sourcecode.swift; path = AllGroupsTableViewController.swift; sourceTree = "<group>"; };
		D8DE6D1924F836460094F233 /* AllGroupsTableViewCell.swift */ = {isa = PBXFileReference; lastKnownFileType = sourcecode.swift; path = AllGroupsTableViewCell.swift; sourceTree = "<group>"; };
		D8DE6D1B24F836C70094F233 /* MyGroupsTableViewController.swift */ = {isa = PBXFileReference; lastKnownFileType = sourcecode.swift; path = MyGroupsTableViewController.swift; sourceTree = "<group>"; };
		D8DE6D1D24F837020094F233 /* MyGroupsTableViewCell.swift */ = {isa = PBXFileReference; lastKnownFileType = sourcecode.swift; path = MyGroupsTableViewCell.swift; sourceTree = "<group>"; };
		D8DE6D2124F8379C0094F233 /* FriendPhotosCollectionViewCell.swift */ = {isa = PBXFileReference; lastKnownFileType = sourcecode.swift; path = FriendPhotosCollectionViewCell.swift; sourceTree = "<group>"; };
		D8DE6D2324F837DF0094F233 /* FriendPhotosCollectionViewController.swift */ = {isa = PBXFileReference; lastKnownFileType = sourcecode.swift; path = FriendPhotosCollectionViewController.swift; sourceTree = "<group>"; };
		D8DE6D2524F838270094F233 /* MyFriendsTableViewController.swift */ = {isa = PBXFileReference; lastKnownFileType = sourcecode.swift; path = MyFriendsTableViewController.swift; sourceTree = "<group>"; };
		D8DE6D2724F8385A0094F233 /* MyFriendsTableViewCell.swift */ = {isa = PBXFileReference; lastKnownFileType = sourcecode.swift; path = MyFriendsTableViewCell.swift; sourceTree = "<group>"; };
/* End PBXFileReference section */

/* Begin PBXFrameworksBuildPhase section */
		D89D476924F12E5100E37FEA /* Frameworks */ = {
			isa = PBXFrameworksBuildPhase;
			buildActionMask = 2147483647;
			files = (
			);
			runOnlyForDeploymentPostprocessing = 0;
		};
/* End PBXFrameworksBuildPhase section */

/* Begin PBXGroup section */
		D817405125024E9500720075 /* View */ = {
			isa = PBXGroup;
			children = (
				D817405225024EB000720075 /* AvatarView.swift */,
				D817405425024EDF00720075 /* BackView.swift */,
				D817405625024F0A00720075 /* CustomButton.swift */,
				D817405825024F4600720075 /* Gradient.swift */,
			);
			path = View;
			sourceTree = "<group>";
		};
		D89D476324F12E5100E37FEA = {
			isa = PBXGroup;
			children = (
				D89D476E24F12E5100E37FEA /* Weather */,
				D89D476D24F12E5100E37FEA /* Products */,
			);
			sourceTree = "<group>";
		};
		D89D476D24F12E5100E37FEA /* Products */ = {
			isa = PBXGroup;
			children = (
				D89D476C24F12E5100E37FEA /* Weather.app */,
			);
			name = Products;
			sourceTree = "<group>";
		};
		D89D476E24F12E5100E37FEA /* Weather */ = {
			isa = PBXGroup;
			children = (
				D8DE6D1224F8354F0094F233 /* MyFriendsController */,
				D8DE6D1124F835290094F233 /* MyGroupsController */,
				D8DE6D1024F835130094F233 /* FriendPhotosController */,
				D8DE6D0F24F834F40094F233 /* AllGroupsController */,
				D8DE6D0E24F8348D0094F233 /* Models */,
				D89D476F24F12E5100E37FEA /* AppDelegate.swift */,
				D89D477124F12E5100E37FEA /* SceneDelegate.swift */,
				D89D477324F12E5100E37FEA /* LoginFormViewController.swift */,
				D89D477524F12E5100E37FEA /* Main.storyboard */,
				D89D477824F12E5300E37FEA /* Assets.xcassets */,
				D89D477A24F12E5300E37FEA /* LaunchScreen.storyboard */,
				D89D477D24F12E5300E37FEA /* Info.plist */,
			);
			path = Weather;
			sourceTree = "<group>";
		};
		D8DE6D0E24F8348D0094F233 /* Models */ = {
			isa = PBXGroup;
			children = (
				D8DE6D1324F8358F0094F233 /* User.swift */,
				D8DE6D1524F835990094F233 /* Groups.swift */,
				D817405A25024F7700720075 /* Alert.swift */,
			);
			path = Models;
			sourceTree = "<group>";
		};
		D8DE6D0F24F834F40094F233 /* AllGroupsController */ = {
			isa = PBXGroup;
			children = (
				D8DE6D1724F8360A0094F233 /* AllGroupsTableViewController.swift */,
				D8DE6D1924F836460094F233 /* AllGroupsTableViewCell.swift */,
			);
			path = AllGroupsController;
			sourceTree = "<group>";
		};
		D8DE6D1024F835130094F233 /* FriendPhotosController */ = {
			isa = PBXGroup;
			children = (
				D8DE6D2124F8379C0094F233 /* FriendPhotosCollectionViewCell.swift */,
				D8DE6D2324F837DF0094F233 /* FriendPhotosCollectionViewController.swift */,
			);
			path = FriendPhotosController;
			sourceTree = "<group>";
		};
		D8DE6D1124F835290094F233 /* MyGroupsController */ = {
			isa = PBXGroup;
			children = (
				D8DE6D1B24F836C70094F233 /* MyGroupsTableViewController.swift */,
				D817405125024E9500720075 /* View */,
				D8DE6D1D24F837020094F233 /* MyGroupsTableViewCell.swift */,
			);
			path = MyGroupsController;
			sourceTree = "<group>";
		};
		D8DE6D1224F8354F0094F233 /* MyFriendsController */ = {
			isa = PBXGroup;
			children = (
				D8DE6D2524F838270094F233 /* MyFriendsTableViewController.swift */,
				D8DE6D2724F8385A0094F233 /* MyFriendsTableViewCell.swift */,
			);
			path = MyFriendsController;
			sourceTree = "<group>";
		};
/* End PBXGroup section */

/* Begin PBXNativeTarget section */
		D89D476B24F12E5100E37FEA /* Weather */ = {
			isa = PBXNativeTarget;
			buildConfigurationList = D89D478024F12E5300E37FEA /* Build configuration list for PBXNativeTarget "Weather" */;
			buildPhases = (
				D89D476824F12E5100E37FEA /* Sources */,
				D89D476924F12E5100E37FEA /* Frameworks */,
				D89D476A24F12E5100E37FEA /* Resources */,
			);
			buildRules = (
			);
			dependencies = (
			);
			name = Weather;
			productName = Weather;
			productReference = D89D476C24F12E5100E37FEA /* Weather.app */;
			productType = "com.apple.product-type.application";
		};
/* End PBXNativeTarget section */

/* Begin PBXProject section */
		D89D476424F12E5100E37FEA /* Project object */ = {
			isa = PBXProject;
			attributes = {
				LastSwiftUpdateCheck = 1160;
				LastUpgradeCheck = 1160;
				ORGANIZATIONNAME = "Bogdan Ginter";
				TargetAttributes = {
					D89D476B24F12E5100E37FEA = {
						CreatedOnToolsVersion = 11.6;
					};
				};
			};
			buildConfigurationList = D89D476724F12E5100E37FEA /* Build configuration list for PBXProject "Weather" */;
			compatibilityVersion = "Xcode 9.3";
			developmentRegion = en;
			hasScannedForEncodings = 0;
			knownRegions = (
				en,
				Base,
			);
			mainGroup = D89D476324F12E5100E37FEA;
			productRefGroup = D89D476D24F12E5100E37FEA /* Products */;
			projectDirPath = "";
			projectRoot = "";
			targets = (
				D89D476B24F12E5100E37FEA /* Weather */,
			);
		};
/* End PBXProject section */

/* Begin PBXResourcesBuildPhase section */
		D89D476A24F12E5100E37FEA /* Resources */ = {
			isa = PBXResourcesBuildPhase;
			buildActionMask = 2147483647;
			files = (
				D89D477C24F12E5300E37FEA /* LaunchScreen.storyboard in Resources */,
				D89D477924F12E5300E37FEA /* Assets.xcassets in Resources */,
				D89D477724F12E5100E37FEA /* Main.storyboard in Resources */,
			);
			runOnlyForDeploymentPostprocessing = 0;
		};
/* End PBXResourcesBuildPhase section */

/* Begin PBXSourcesBuildPhase section */
		D89D476824F12E5100E37FEA /* Sources */ = {
			isa = PBXSourcesBuildPhase;
			buildActionMask = 2147483647;
			files = (
				D817405B25024F7700720075 /* Alert.swift in Sources */,
				D8DE6D1424F8358F0094F233 /* User.swift in Sources */,
				D89D477424F12E5100E37FEA /* LoginFormViewController.swift in Sources */,
				D8DE6D1E24F837020094F233 /* MyGroupsTableViewCell.swift in Sources */,
				D89D477024F12E5100E37FEA /* AppDelegate.swift in Sources */,
				D817405925024F4600720075 /* Gradient.swift in Sources */,
				D817405725024F0A00720075 /* CustomButton.swift in Sources */,
				D8DE6D1C24F836C70094F233 /* MyGroupsTableViewController.swift in Sources */,
				D8DE6D2624F838270094F233 /* MyFriendsTableViewController.swift in Sources */,
				D8DE6D2424F837DF0094F233 /* FriendPhotosCollectionViewController.swift in Sources */,
				D8DE6D1624F835990094F233 /* Groups.swift in Sources */,
				D89D477224F12E5100E37FEA /* SceneDelegate.swift in Sources */,
				D817405325024EB000720075 /* AvatarView.swift in Sources */,
				D8DE6D1824F8360A0094F233 /* AllGroupsTableViewController.swift in Sources */,
				D8DE6D2824F8385A0094F233 /* MyFriendsTableViewCell.swift in Sources */,
				D817405525024EDF00720075 /* BackView.swift in Sources */,
				D8DE6D2224F8379C0094F233 /* FriendPhotosCollectionViewCell.swift in Sources */,
				D8DE6D1A24F836460094F233 /* AllGroupsTableViewCell.swift in Sources */,
			);
			runOnlyForDeploymentPostprocessing = 0;
		};
/* End PBXSourcesBuildPhase section */

/* Begin PBXVariantGroup section */
		D89D477524F12E5100E37FEA /* Main.storyboard */ = {
			isa = PBXVariantGroup;
			children = (
				D89D477624F12E5100E37FEA /* Base */,
			);
			name = Main.storyboard;
			sourceTree = "<group>";
		};
		D89D477A24F12E5300E37FEA /* LaunchScreen.storyboard */ = {
			isa = PBXVariantGroup;
			children = (
				D89D477B24F12E5300E37FEA /* Base */,
			);
			name = LaunchScreen.storyboard;
			sourceTree = "<group>";
		};
/* End PBXVariantGroup section */

/* Begin XCBuildConfiguration section */
		D89D477E24F12E5300E37FEA /* Debug */ = {
			isa = XCBuildConfiguration;
			buildSettings = {
				ALWAYS_SEARCH_USER_PATHS = NO;
				CLANG_ANALYZER_NONNULL = YES;
				CLANG_ANALYZER_NUMBER_OBJECT_CONVERSION = YES_AGGRESSIVE;
				CLANG_CXX_LANGUAGE_STANDARD = "gnu++14";
				CLANG_CXX_LIBRARY = "libc++";
				CLANG_ENABLE_MODULES = YES;
				CLANG_ENABLE_OBJC_ARC = YES;
				CLANG_ENABLE_OBJC_WEAK = YES;
				CLANG_WARN_BLOCK_CAPTURE_AUTORELEASING = YES;
				CLANG_WARN_BOOL_CONVERSION = YES;
				CLANG_WARN_COMMA = YES;
				CLANG_WARN_CONSTANT_CONVERSION = YES;
				CLANG_WARN_DEPRECATED_OBJC_IMPLEMENTATIONS = YES;
				CLANG_WARN_DIRECT_OBJC_ISA_USAGE = YES_ERROR;
				CLANG_WARN_DOCUMENTATION_COMMENTS = YES;
				CLANG_WARN_EMPTY_BODY = YES;
				CLANG_WARN_ENUM_CONVERSION = YES;
				CLANG_WARN_INFINITE_RECURSION = YES;
				CLANG_WARN_INT_CONVERSION = YES;
				CLANG_WARN_NON_LITERAL_NULL_CONVERSION = YES;
				CLANG_WARN_OBJC_IMPLICIT_RETAIN_SELF = YES;
				CLANG_WARN_OBJC_LITERAL_CONVERSION = YES;
				CLANG_WARN_OBJC_ROOT_CLASS = YES_ERROR;
				CLANG_WARN_RANGE_LOOP_ANALYSIS = YES;
				CLANG_WARN_STRICT_PROTOTYPES = YES;
				CLANG_WARN_SUSPICIOUS_MOVE = YES;
				CLANG_WARN_UNGUARDED_AVAILABILITY = YES_AGGRESSIVE;
				CLANG_WARN_UNREACHABLE_CODE = YES;
				CLANG_WARN__DUPLICATE_METHOD_MATCH = YES;
				COPY_PHASE_STRIP = NO;
				DEBUG_INFORMATION_FORMAT = dwarf;
				ENABLE_STRICT_OBJC_MSGSEND = YES;
				ENABLE_TESTABILITY = YES;
				GCC_C_LANGUAGE_STANDARD = gnu11;
				GCC_DYNAMIC_NO_PIC = NO;
				GCC_NO_COMMON_BLOCKS = YES;
				GCC_OPTIMIZATION_LEVEL = 0;
				GCC_PREPROCESSOR_DEFINITIONS = (
					"DEBUG=1",
					"$(inherited)",
				);
				GCC_WARN_64_TO_32_BIT_CONVERSION = YES;
				GCC_WARN_ABOUT_RETURN_TYPE = YES_ERROR;
				GCC_WARN_UNDECLARED_SELECTOR = YES;
				GCC_WARN_UNINITIALIZED_AUTOS = YES_AGGRESSIVE;
				GCC_WARN_UNUSED_FUNCTION = YES;
				GCC_WARN_UNUSED_VARIABLE = YES;
				IPHONEOS_DEPLOYMENT_TARGET = 13.6;
				MTL_ENABLE_DEBUG_INFO = INCLUDE_SOURCE;
				MTL_FAST_MATH = YES;
				ONLY_ACTIVE_ARCH = YES;
				SDKROOT = iphoneos;
				SWIFT_ACTIVE_COMPILATION_CONDITIONS = DEBUG;
				SWIFT_OPTIMIZATION_LEVEL = "-Onone";
			};
			name = Debug;
		};
		D89D477F24F12E5300E37FEA /* Release */ = {
			isa = XCBuildConfiguration;
			buildSettings = {
				ALWAYS_SEARCH_USER_PATHS = NO;
				CLANG_ANALYZER_NONNULL = YES;
				CLANG_ANALYZER_NUMBER_OBJECT_CONVERSION = YES_AGGRESSIVE;
				CLANG_CXX_LANGUAGE_STANDARD = "gnu++14";
				CLANG_CXX_LIBRARY = "libc++";
				CLANG_ENABLE_MODULES = YES;
				CLANG_ENABLE_OBJC_ARC = YES;
				CLANG_ENABLE_OBJC_WEAK = YES;
				CLANG_WARN_BLOCK_CAPTURE_AUTORELEASING = YES;
				CLANG_WARN_BOOL_CONVERSION = YES;
				CLANG_WARN_COMMA = YES;
				CLANG_WARN_CONSTANT_CONVERSION = YES;
				CLANG_WARN_DEPRECATED_OBJC_IMPLEMENTATIONS = YES;
				CLANG_WARN_DIRECT_OBJC_ISA_USAGE = YES_ERROR;
				CLANG_WARN_DOCUMENTATION_COMMENTS = YES;
				CLANG_WARN_EMPTY_BODY = YES;
				CLANG_WARN_ENUM_CONVERSION = YES;
				CLANG_WARN_INFINITE_RECURSION = YES;
				CLANG_WARN_INT_CONVERSION = YES;
				CLANG_WARN_NON_LITERAL_NULL_CONVERSION = YES;
				CLANG_WARN_OBJC_IMPLICIT_RETAIN_SELF = YES;
				CLANG_WARN_OBJC_LITERAL_CONVERSION = YES;
				CLANG_WARN_OBJC_ROOT_CLASS = YES_ERROR;
				CLANG_WARN_RANGE_LOOP_ANALYSIS = YES;
				CLANG_WARN_STRICT_PROTOTYPES = YES;
				CLANG_WARN_SUSPICIOUS_MOVE = YES;
				CLANG_WARN_UNGUARDED_AVAILABILITY = YES_AGGRESSIVE;
				CLANG_WARN_UNREACHABLE_CODE = YES;
				CLANG_WARN__DUPLICATE_METHOD_MATCH = YES;
				COPY_PHASE_STRIP = NO;
				DEBUG_INFORMATION_FORMAT = "dwarf-with-dsym";
				ENABLE_NS_ASSERTIONS = NO;
				ENABLE_STRICT_OBJC_MSGSEND = YES;
				GCC_C_LANGUAGE_STANDARD = gnu11;
				GCC_NO_COMMON_BLOCKS = YES;
				GCC_WARN_64_TO_32_BIT_CONVERSION = YES;
				GCC_WARN_ABOUT_RETURN_TYPE = YES_ERROR;
				GCC_WARN_UNDECLARED_SELECTOR = YES;
				GCC_WARN_UNINITIALIZED_AUTOS = YES_AGGRESSIVE;
				GCC_WARN_UNUSED_FUNCTION = YES;
				GCC_WARN_UNUSED_VARIABLE = YES;
				IPHONEOS_DEPLOYMENT_TARGET = 13.6;
				MTL_ENABLE_DEBUG_INFO = NO;
				MTL_FAST_MATH = YES;
				SDKROOT = iphoneos;
				SWIFT_COMPILATION_MODE = wholemodule;
				SWIFT_OPTIMIZATION_LEVEL = "-O";
				VALIDATE_PRODUCT = YES;
			};
			name = Release;
		};
		D89D478124F12E5300E37FEA /* Debug */ = {
			isa = XCBuildConfiguration;
			buildSettings = {
				ASSETCATALOG_COMPILER_APPICON_NAME = AppIcon;
				CODE_SIGN_STYLE = Automatic;
				DEVELOPMENT_TEAM = R8VKU6D9PU;
				INFOPLIST_FILE = Weather/Info.plist;
				LD_RUNPATH_SEARCH_PATHS = (
					"$(inherited)",
					"@executable_path/Frameworks",
				);
				PRODUCT_BUNDLE_IDENTIFIER = "bogdan-ginter.Weather";
				PRODUCT_NAME = "$(TARGET_NAME)";
				SWIFT_VERSION = 5.0;
				TARGETED_DEVICE_FAMILY = "1,2";
			};
			name = Debug;
		};
		D89D478224F12E5300E37FEA /* Release */ = {
			isa = XCBuildConfiguration;
			buildSettings = {
				ASSETCATALOG_COMPILER_APPICON_NAME = AppIcon;
				CODE_SIGN_STYLE = Automatic;
				DEVELOPMENT_TEAM = R8VKU6D9PU;
				INFOPLIST_FILE = Weather/Info.plist;
				LD_RUNPATH_SEARCH_PATHS = (
					"$(inherited)",
					"@executable_path/Frameworks",
				);
				PRODUCT_BUNDLE_IDENTIFIER = "bogdan-ginter.Weather";
				PRODUCT_NAME = "$(TARGET_NAME)";
				SWIFT_VERSION = 5.0;
				TARGETED_DEVICE_FAMILY = "1,2";
			};
			name = Release;
		};
/* End XCBuildConfiguration section */

/* Begin XCConfigurationList section */
		D89D476724F12E5100E37FEA /* Build configuration list for PBXProject "Weather" */ = {
			isa = XCConfigurationList;
			buildConfigurations = (
				D89D477E24F12E5300E37FEA /* Debug */,
				D89D477F24F12E5300E37FEA /* Release */,
			);
			defaultConfigurationIsVisible = 0;
			defaultConfigurationName = Release;
		};
		D89D478024F12E5300E37FEA /* Build configuration list for PBXNativeTarget "Weather" */ = {
			isa = XCConfigurationList;
			buildConfigurations = (
				D89D478124F12E5300E37FEA /* Debug */,
				D89D478224F12E5300E37FEA /* Release */,
			);
			defaultConfigurationIsVisible = 0;
			defaultConfigurationName = Release;
		};
/* End XCConfigurationList section */
	};
	rootObject = D89D476424F12E5100E37FEA /* Project object */;
}
